
Microsoft Visual Studio Solution File, Format Version 12.00
# Visual Studio Version 17
VisualStudioVersion = 17.14.36811.4
MinimumVisualStudioVersion = 10.0.40219.1
Project("{FAE04EC0-301F-11D3-BF4B-00C04F79EFBC}") = "JxAlignFrame", "JxAlignFrame\JxAlignFrame.csproj", "{DBFF96D8-4BFF-48A0-AF3C-A10E8DCAF89A}"
EndProject
Global
	GlobalSection(SolutionConfigurationPlatforms) = preSolution
		Debug|Any CPU = Debug|Any CPU
		Debug|x64 = Debug|x64
		Release|Any CPU = Release|Any CPU
		Release|x64 = Release|x64
	EndGlobalSection
	GlobalSection(ProjectConfigurationPlatforms) = postSolution
		{DBFF96D8-4BFF-48A0-AF3C-A10E8DCAF89A}.Debug|Any CPU.ActiveCfg = Debug|Any CPU
		{DBFF96D8-4BFF-48A0-AF3C-A10E8DCAF89A}.Debug|Any CPU.Build.0 = Debug|Any CPU
		{DBFF96D8-4BFF-48A0-AF3C-A10E8DCAF89A}.Debug|x64.ActiveCfg = Debug|x64
		{DBFF96D8-4BFF-48A0-AF3C-A10E8DCAF89A}.Debug|x64.Build.0 = Debug|x64
		{DBFF96D8-4BFF-48A0-AF3C-A10E8DCAF89A}.Release|Any CPU.ActiveCfg = Release|Any CPU
		{DBFF96D8-4BFF-48A0-AF3C-A10E8DCAF89A}.Release|Any CPU.Build.0 = Release|Any CPU
		{DBFF96D8-4BFF-48A0-AF3C-A10E8DCAF89A}.Release|x64.ActiveCfg = Release|x64
		{DBFF96D8-4BFF-48A0-AF3C-A10E8DCAF89A}.Release|x64.Build.0 = Release|x64
	EndGlobalSection
	GlobalSection(SolutionProperties) = preSolution
		HideSolutionNode = FALSE
	EndGlobalSection
	GlobalSection(ExtensibilityGlobals) = postSolution
		SolutionGuid = {A4ACC373-3288-40E9-92AD-8ECE2193BC06}
	EndGlobalSection
EndGlobal
